// !$*UTF8*$!
{
	archiveVersion = 1;
	classes = {
	};
	objectVersion = 46;
	objects = {

/* Begin PBXBuildFile section */
		011751B3D4AD9735349867C6 /* Pods.framework in Frameworks */ = {isa = PBXBuildFile; fileRef = BF41A9979A4CFCFF60FAB4EB /* Pods.framework */; };
		9441AFBD1CA3920400A7D593 /* MKHCustomAPI.h in Headers */ = {isa = PBXBuildFile; fileRef = 9441AFBC1CA3920400A7D593 /* MKHCustomAPI.h */; settings = {ATTRIBUTES = (Public, ); }; };
		9441AFC41CA3920400A7D593 /* MKHCustomAPI.framework in Frameworks */ = {isa = PBXBuildFile; fileRef = 9441AFB91CA3920400A7D593 /* MKHCustomAPI.framework */; };
		9441AFC91CA3920400A7D593 /* MKHCustomAPITests.swift in Sources */ = {isa = PBXBuildFile; fileRef = 9441AFC81CA3920400A7D593 /* MKHCustomAPITests.swift */; };
		9441AFD51CA392E200A7D593 /* Main.swift in Sources */ = {isa = PBXBuildFile; fileRef = 9441AFD41CA392E200A7D593 /* Main.swift */; };
		9441AFD71CA3A2FC00A7D593 /* ParameterEncoding.swift in Sources */ = {isa = PBXBuildFile; fileRef = 9441AFD61CA3A2FC00A7D593 /* ParameterEncoding.swift */; };
/* End PBXBuildFile section */

/* Begin PBXContainerItemProxy section */
		9441AFC51CA3920400A7D593 /* PBXContainerItemProxy */ = {
			isa = PBXContainerItemProxy;
			containerPortal = 9441AFB01CA3920400A7D593 /* Project object */;
			proxyType = 1;
			remoteGlobalIDString = 9441AFB81CA3920400A7D593;
			remoteInfo = MKHCustomAPI;
		};
/* End PBXContainerItemProxy section */

/* Begin PBXFileReference section */
		75F9DEB43EAE5DF1714B1192 /* Pods.debug.xcconfig */ = {isa = PBXFileReference; includeInIndex = 1; lastKnownFileType = text.xcconfig; name = Pods.debug.xcconfig; path = "Pods/Target Support Files/Pods/Pods.debug.xcconfig"; sourceTree = "<group>"; };
		9441AFB91CA3920400A7D593 /* MKHCustomAPI.framework */ = {isa = PBXFileReference; explicitFileType = wrapper.framework; includeInIndex = 0; path = MKHCustomAPI.framework; sourceTree = BUILT_PRODUCTS_DIR; };
		9441AFBC1CA3920400A7D593 /* MKHCustomAPI.h */ = {isa = PBXFileReference; lastKnownFileType = sourcecode.c.h; path = MKHCustomAPI.h; sourceTree = "<group>"; };
		9441AFBE1CA3920400A7D593 /* Info.plist */ = {isa = PBXFileReference; lastKnownFileType = text.plist.xml; path = Info.plist; sourceTree = "<group>"; };
		9441AFC31CA3920400A7D593 /* MKHCustomAPITests.xctest */ = {isa = PBXFileReference; explicitFileType = wrapper.cfbundle; includeInIndex = 0; path = MKHCustomAPITests.xctest; sourceTree = BUILT_PRODUCTS_DIR; };
		9441AFC81CA3920400A7D593 /* MKHCustomAPITests.swift */ = {isa = PBXFileReference; lastKnownFileType = sourcecode.swift; path = MKHCustomAPITests.swift; sourceTree = "<group>"; };
		9441AFCA1CA3920400A7D593 /* Info.plist */ = {isa = PBXFileReference; lastKnownFileType = text.plist.xml; path = Info.plist; sourceTree = "<group>"; };
		9441AFD41CA392E200A7D593 /* Main.swift */ = {isa = PBXFileReference; fileEncoding = 4; lastKnownFileType = sourcecode.swift; path = Main.swift; sourceTree = "<group>"; };
		9441AFD61CA3A2FC00A7D593 /* ParameterEncoding.swift */ = {isa = PBXFileReference; fileEncoding = 4; lastKnownFileType = sourcecode.swift; path = ParameterEncoding.swift; sourceTree = "<group>"; };
		BF41A9979A4CFCFF60FAB4EB /* Pods.framework */ = {isa = PBXFileReference; explicitFileType = wrapper.framework; includeInIndex = 0; path = Pods.framework; sourceTree = BUILT_PRODUCTS_DIR; };
		F5E32346E9438EFEB946A32A /* Pods.release.xcconfig */ = {isa = PBXFileReference; includeInIndex = 1; lastKnownFileType = text.xcconfig; name = Pods.release.xcconfig; path = "Pods/Target Support Files/Pods/Pods.release.xcconfig"; sourceTree = "<group>"; };
/* End PBXFileReference section */

/* Begin PBXFrameworksBuildPhase section */
		9441AFB51CA3920400A7D593 /* Frameworks */ = {
			isa = PBXFrameworksBuildPhase;
			buildActionMask = 2147483647;
			files = (
				011751B3D4AD9735349867C6 /* Pods.framework in Frameworks */,
			);
			runOnlyForDeploymentPostprocessing = 0;
		};
		9441AFC01CA3920400A7D593 /* Frameworks */ = {
			isa = PBXFrameworksBuildPhase;
			buildActionMask = 2147483647;
			files = (
				9441AFC41CA3920400A7D593 /* MKHCustomAPI.framework in Frameworks */,
			);
			runOnlyForDeploymentPostprocessing = 0;
		};
/* End PBXFrameworksBuildPhase section */

/* Begin PBXGroup section */
		376373576B6C6783053466B5 /* Pods */ = {
			isa = PBXGroup;
			children = (
				75F9DEB43EAE5DF1714B1192 /* Pods.debug.xcconfig */,
				F5E32346E9438EFEB946A32A /* Pods.release.xcconfig */,
			);
			name = Pods;
			sourceTree = "<group>";
		};
		9441AFAF1CA3920400A7D593 = {
			isa = PBXGroup;
			children = (
				9441AFBB1CA3920400A7D593 /* MKHCustomAPI */,
				9441AFC71CA3920400A7D593 /* MKHCustomAPITests */,
				9441AFBA1CA3920400A7D593 /* Products */,
				376373576B6C6783053466B5 /* Pods */,
				EB367F4940462A1CB8A8184B /* Frameworks */,
			);
			sourceTree = "<group>";
		};
		9441AFBA1CA3920400A7D593 /* Products */ = {
			isa = PBXGroup;
			children = (
				9441AFB91CA3920400A7D593 /* MKHCustomAPI.framework */,
				9441AFC31CA3920400A7D593 /* MKHCustomAPITests.xctest */,
			);
			name = Products;
			sourceTree = "<group>";
		};
		9441AFBB1CA3920400A7D593 /* MKHCustomAPI */ = {
			isa = PBXGroup;
			children = (
				9441AFBC1CA3920400A7D593 /* MKHCustomAPI.h */,
				9441AFBE1CA3920400A7D593 /* Info.plist */,
				9441AFD31CA3922400A7D593 /* Common */,
			);
			path = MKHCustomAPI;
			sourceTree = "<group>";
		};
		9441AFC71CA3920400A7D593 /* MKHCustomAPITests */ = {
			isa = PBXGroup;
			children = (
				9441AFC81CA3920400A7D593 /* MKHCustomAPITests.swift */,
				9441AFCA1CA3920400A7D593 /* Info.plist */,
			);
			path = MKHCustomAPITests;
			sourceTree = "<group>";
		};
		9441AFD31CA3922400A7D593 /* Common */ = {
			isa = PBXGroup;
			children = (
				9441AFD41CA392E200A7D593 /* Main.swift */,
				9441AFD61CA3A2FC00A7D593 /* ParameterEncoding.swift */,
			);
			name = Common;
			path = ../../Src;
			sourceTree = "<group>";
		};
		EB367F4940462A1CB8A8184B /* Frameworks */ = {
			isa = PBXGroup;
			children = (
				BF41A9979A4CFCFF60FAB4EB /* Pods.framework */,
			);
			name = Frameworks;
			sourceTree = "<group>";
		};
/* End PBXGroup section */

/* Begin PBXHeadersBuildPhase section */
		9441AFB61CA3920400A7D593 /* Headers */ = {
			isa = PBXHeadersBuildPhase;
			buildActionMask = 2147483647;
			files = (
				9441AFBD1CA3920400A7D593 /* MKHCustomAPI.h in Headers */,
			);
			runOnlyForDeploymentPostprocessing = 0;
		};
/* End PBXHeadersBuildPhase section */

/* Begin PBXNativeTarget section */
		9441AFB81CA3920400A7D593 /* MKHCustomAPI */ = {
			isa = PBXNativeTarget;
			buildConfigurationList = 9441AFCD1CA3920400A7D593 /* Build configuration list for PBXNativeTarget "MKHCustomAPI" */;
			buildPhases = (
				B946F46EC1FA4E38059930C7 /* Check Pods Manifest.lock */,
				9441AFB41CA3920400A7D593 /* Sources */,
				9441AFB51CA3920400A7D593 /* Frameworks */,
				9441AFB61CA3920400A7D593 /* Headers */,
				9441AFB71CA3920400A7D593 /* Resources */,
				F923213378C66EE010E82754 /* Copy Pods Resources */,
			);
			buildRules = (
			);
			dependencies = (
			);
			name = MKHCustomAPI;
			productName = MKHCustomAPI;
			productReference = 9441AFB91CA3920400A7D593 /* MKHCustomAPI.framework */;
			productType = "com.apple.product-type.framework";
		};
		9441AFC21CA3920400A7D593 /* MKHCustomAPITests */ = {
			isa = PBXNativeTarget;
			buildConfigurationList = 9441AFD01CA3920400A7D593 /* Build configuration list for PBXNativeTarget "MKHCustomAPITests" */;
			buildPhases = (
				9441AFBF1CA3920400A7D593 /* Sources */,
				9441AFC01CA3920400A7D593 /* Frameworks */,
				9441AFC11CA3920400A7D593 /* Resources */,
			);
			buildRules = (
			);
			dependencies = (
				9441AFC61CA3920400A7D593 /* PBXTargetDependency */,
			);
			name = MKHCustomAPITests;
			productName = MKHCustomAPITests;
			productReference = 9441AFC31CA3920400A7D593 /* MKHCustomAPITests.xctest */;
			productType = "com.apple.product-type.bundle.unit-test";
		};
/* End PBXNativeTarget section */

/* Begin PBXProject section */
		9441AFB01CA3920400A7D593 /* Project object */ = {
			isa = PBXProject;
			attributes = {
				LastSwiftUpdateCheck = 0730;
				LastUpgradeCheck = 0730;
				ORGANIZATIONNAME = "Maxim Khatskevich";
				TargetAttributes = {
					9441AFB81CA3920400A7D593 = {
						CreatedOnToolsVersion = 7.3;
					};
					9441AFC21CA3920400A7D593 = {
						CreatedOnToolsVersion = 7.3;
					};
				};
			};
			buildConfigurationList = 9441AFB31CA3920400A7D593 /* Build configuration list for PBXProject "MKHCustomAPI" */;
			compatibilityVersion = "Xcode 3.2";
			developmentRegion = English;
			hasScannedForEncodings = 0;
			knownRegions = (
				en,
			);
			mainGroup = 9441AFAF1CA3920400A7D593;
			productRefGroup = 9441AFBA1CA3920400A7D593 /* Products */;
			projectDirPath = "";
			projectRoot = "";
			targets = (
				9441AFB81CA3920400A7D593 /* MKHCustomAPI */,
				9441AFC21CA3920400A7D593 /* MKHCustomAPITests */,
			);
		};
/* End PBXProject section */

/* Begin PBXResourcesBuildPhase section */
		9441AFB71CA3920400A7D593 /* Resources */ = {
			isa = PBXResourcesBuildPhase;
			buildActionMask = 2147483647;
			files = (
			);
			runOnlyForDeploymentPostprocessing = 0;
		};
		9441AFC11CA3920400A7D593 /* Resources */ = {
			isa = PBXResourcesBuildPhase;
			buildActionMask = 2147483647;
			files = (
			);
			runOnlyForDeploymentPostprocessing = 0;
		};
/* End PBXResourcesBuildPhase section */

/* Begin PBXShellScriptBuildPhase section */
		B946F46EC1FA4E38059930C7 /* Check Pods Manifest.lock */ = {
			isa = PBXShellScriptBuildPhase;
			buildActionMask = 2147483647;
			files = (
			);
			inputPaths = (
			);
			name = "Check Pods Manifest.lock";
			outputPaths = (
			);
			runOnlyForDeploymentPostprocessing = 0;
			shellPath = /bin/sh;
			shellScript = "diff \"${PODS_ROOT}/../Podfile.lock\" \"${PODS_ROOT}/Manifest.lock\" > /dev/null\nif [[ $? != 0 ]] ; then\n    cat << EOM\nerror: The sandbox is not in sync with the Podfile.lock. Run 'pod install' or update your CocoaPods installation.\nEOM\n    exit 1\nfi\n";
			showEnvVarsInLog = 0;
		};
		F923213378C66EE010E82754 /* Copy Pods Resources */ = {
			isa = PBXShellScriptBuildPhase;
			buildActionMask = 2147483647;
			files = (
			);
			inputPaths = (
			);
			name = "Copy Pods Resources";
			outputPaths = (
			);
			runOnlyForDeploymentPostprocessing = 0;
			shellPath = /bin/sh;
			shellScript = "\"${SRCROOT}/Pods/Target Support Files/Pods/Pods-resources.sh\"\n";
			showEnvVarsInLog = 0;
		};
/* End PBXShellScriptBuildPhase section */

/* Begin PBXSourcesBuildPhase section */
		9441AFB41CA3920400A7D593 /* Sources */ = {
			isa = PBXSourcesBuildPhase;
			buildActionMask = 2147483647;
			files = (
				9441AFD71CA3A2FC00A7D593 /* ParameterEncoding.swift in Sources */,
				9441AFD51CA392E200A7D593 /* Main.swift in Sources */,
			);
			runOnlyForDeploymentPostprocessing = 0;
		};
		9441AFBF1CA3920400A7D593 /* Sources */ = {
			isa = PBXSourcesBuildPhase;
			buildActionMask = 2147483647;
			files = (
				9441AFC91CA3920400A7D593 /* MKHCustomAPITests.swift in Sources */,
			);
			runOnlyForDeploymentPostprocessing = 0;
		};
/* End PBXSourcesBuildPhase section */

/* Begin PBXTargetDependency section */
		9441AFC61CA3920400A7D593 /* PBXTargetDependency */ = {
			isa = PBXTargetDependency;
			target = 9441AFB81CA3920400A7D593 /* MKHCustomAPI */;
			targetProxy = 9441AFC51CA3920400A7D593 /* PBXContainerItemProxy */;
		};
/* End PBXTargetDependency section */

/* Begin XCBuildConfiguration section */
		9441AFCB1CA3920400A7D593 /* Debug */ = {
			isa = XCBuildConfiguration;
			buildSettings = {
				ALWAYS_SEARCH_USER_PATHS = NO;
				CLANG_ANALYZER_NONNULL = YES;
				CLANG_CXX_LANGUAGE_STANDARD = "gnu++0x";
				CLANG_CXX_LIBRARY = "libc++";
				CLANG_ENABLE_MODULES = YES;
				CLANG_ENABLE_OBJC_ARC = YES;
				CLANG_WARN_BOOL_CONVERSION = YES;
				CLANG_WARN_CONSTANT_CONVERSION = YES;
				CLANG_WARN_DIRECT_OBJC_ISA_USAGE = YES_ERROR;
				CLANG_WARN_EMPTY_BODY = YES;
				CLANG_WARN_ENUM_CONVERSION = YES;
				CLANG_WARN_INT_CONVERSION = YES;
				CLANG_WARN_OBJC_ROOT_CLASS = YES_ERROR;
				CLANG_WARN_UNREACHABLE_CODE = YES;
				CLANG_WARN__DUPLICATE_METHOD_MATCH = YES;
				"CODE_SIGN_IDENTITY[sdk=iphoneos*]" = "iPhone Developer";
				COPY_PHASE_STRIP = NO;
				CURRENT_PROJECT_VERSION = 1.0.0;
				DEBUG_INFORMATION_FORMAT = dwarf;
				ENABLE_STRICT_OBJC_MSGSEND = YES;
				ENABLE_TESTABILITY = YES;
				GCC_C_LANGUAGE_STANDARD = gnu99;
				GCC_DYNAMIC_NO_PIC = NO;
				GCC_NO_COMMON_BLOCKS = YES;
				GCC_OPTIMIZATION_LEVEL = 0;
				GCC_PREPROCESSOR_DEFINITIONS = (
					"DEBUG=1",
					"$(inherited)",
				);
				GCC_WARN_64_TO_32_BIT_CONVERSION = YES;
				GCC_WARN_ABOUT_RETURN_TYPE = YES_ERROR;
				GCC_WARN_UNDECLARED_SELECTOR = YES;
				GCC_WARN_UNINITIALIZED_AUTOS = YES_AGGRESSIVE;
				GCC_WARN_UNUSED_FUNCTION = YES;
				GCC_WARN_UNUSED_VARIABLE = YES;
				IPHONEOS_DEPLOYMENT_TARGET = 8.0;
				MTL_ENABLE_DEBUG_INFO = YES;
				ONLY_ACTIVE_ARCH = YES;
				SDKROOT = iphoneos;
				SWIFT_OPTIMIZATION_LEVEL = "-Onone";
				TARGETED_DEVICE_FAMILY = "1,2";
				VERSIONING_SYSTEM = "apple-generic";
				VERSION_INFO_PREFIX = "";
			};
			name = Debug;
		};
		9441AFCC1CA3920400A7D593 /* Release */ = {
			isa = XCBuildConfiguration;
			buildSettings = {
				ALWAYS_SEARCH_USER_PATHS = NO;
				CLANG_ANALYZER_NONNULL = YES;
				CLANG_CXX_LANGUAGE_STANDARD = "gnu++0x";
				CLANG_CXX_LIBRARY = "libc++";
				CLANG_ENABLE_MODULES = YES;
				CLANG_ENABLE_OBJC_ARC = YES;
				CLANG_WARN_BOOL_CONVERSION = YES;
				CLANG_WARN_CONSTANT_CONVERSION = YES;
				CLANG_WARN_DIRECT_OBJC_ISA_USAGE = YES_ERROR;
				CLANG_WARN_EMPTY_BODY = YES;
				CLANG_WARN_ENUM_CONVERSION = YES;
				CLANG_WARN_INT_CONVERSION = YES;
				CLANG_WARN_OBJC_ROOT_CLASS = YES_ERROR;
				CLANG_WARN_UNREACHABLE_CODE = YES;
				CLANG_WARN__DUPLICATE_METHOD_MATCH = YES;
				"CODE_SIGN_IDENTITY[sdk=iphoneos*]" = "iPhone Developer";
				COPY_PHASE_STRIP = NO;
				CURRENT_PROJECT_VERSION = 1.0.0;
				DEBUG_INFORMATION_FORMAT = "dwarf-with-dsym";
				ENABLE_NS_ASSERTIONS = NO;
				ENABLE_STRICT_OBJC_MSGSEND = YES;
				GCC_C_LANGUAGE_STANDARD = gnu99;
				GCC_NO_COMMON_BLOCKS = YES;
				GCC_WARN_64_TO_32_BIT_CONVERSION = YES;
				GCC_WARN_ABOUT_RETURN_TYPE = YES_ERROR;
				GCC_WARN_UNDECLARED_SELECTOR = YES;
				GCC_WARN_UNINITIALIZED_AUTOS = YES_AGGRESSIVE;
				GCC_WARN_UNUSED_FUNCTION = YES;
				GCC_WARN_UNUSED_VARIABLE = YES;
				IPHONEOS_DEPLOYMENT_TARGET = 8.0;
				MTL_ENABLE_DEBUG_INFO = NO;
				SDKROOT = iphoneos;
				TARGETED_DEVICE_FAMILY = "1,2";
				VALIDATE_PRODUCT = YES;
				VERSIONING_SYSTEM = "apple-generic";
				VERSION_INFO_PREFIX = "";
			};
			name = Release;
		};
		9441AFCE1CA3920400A7D593 /* Debug */ = {
			isa = XCBuildConfiguration;
			baseConfigurationReference = 75F9DEB43EAE5DF1714B1192 /* Pods.debug.xcconfig */;
			buildSettings = {
				CLANG_ENABLE_MODULES = YES;
				DEFINES_MODULE = YES;
				DYLIB_COMPATIBILITY_VERSION = 1;
				DYLIB_CURRENT_VERSION = 1;
				DYLIB_INSTALL_NAME_BASE = "@rpath";
				INFOPLIST_FILE = MKHCustomAPI/Info.plist;
				INSTALL_PATH = "$(LOCAL_LIBRARY_DIR)/Frameworks";
				LD_RUNPATH_SEARCH_PATHS = "$(inherited) @executable_path/Frameworks @loader_path/Frameworks";
				PRODUCT_BUNDLE_IDENTIFIER = khatskevich.maxim.MKHCustomAPI;
				PRODUCT_NAME = "$(TARGET_NAME)";
				SKIP_INSTALL = YES;
				SWIFT_OPTIMIZATION_LEVEL = "-Onone";
			};
			name = Debug;
		};
		9441AFCF1CA3920400A7D593 /* Release */ = {
			isa = XCBuildConfiguration;
			baseConfigurationReference = F5E32346E9438EFEB946A32A /* Pods.release.xcconfig */;
			buildSettings = {
				CLANG_ENABLE_MODULES = YES;
				DEFINES_MODULE = YES;
				DYLIB_COMPATIBILITY_VERSION = 1;
				DYLIB_CURRENT_VERSION = 1;
				DYLIB_INSTALL_NAME_BASE = "@rpath";
				INFOPLIST_FILE = MKHCustomAPI/Info.plist;
				INSTALL_PATH = "$(LOCAL_LIBRARY_DIR)/Frameworks";
				LD_RUNPATH_SEARCH_PATHS = "$(inherited) @executable_path/Frameworks @loader_path/Frameworks";
				PRODUCT_BUNDLE_IDENTIFIER = khatskevich.maxim.MKHCustomAPI;
				PRODUCT_NAME = "$(TARGET_NAME)";
				SKIP_INSTALL = YES;
			};
			name = Release;
		};
		9441AFD11CA3920400A7D593 /* Debug */ = {
			isa = XCBuildConfiguration;
			buildSettings = {
				INFOPLIST_FILE = MKHCustomAPITests/Info.plist;
				LD_RUNPATH_SEARCH_PATHS = "$(inherited) @executable_path/Frameworks @loader_path/Frameworks";
				PRODUCT_BUNDLE_IDENTIFIER = khatskevich.maxim.MKHCustomAPITests;
				PRODUCT_NAME = "$(TARGET_NAME)";
			};
			name = Debug;
		};
		9441AFD21CA3920400A7D593 /* Release */ = {
			isa = XCBuildConfiguration;
			buildSettings = {
				INFOPLIST_FILE = MKHCustomAPITests/Info.plist;
				LD_RUNPATH_SEARCH_PATHS = "$(inherited) @executable_path/Frameworks @loader_path/Frameworks";
				PRODUCT_BUNDLE_IDENTIFIER = khatskevich.maxim.MKHCustomAPITests;
				PRODUCT_NAME = "$(TARGET_NAME)";
			};
			name = Release;
		};
/* End XCBuildConfiguration section */

/* Begin XCConfigurationList section */
		9441AFB31CA3920400A7D593 /* Build configuration list for PBXProject "MKHCustomAPI" */ = {
			isa = XCConfigurationList;
			buildConfigurations = (
				9441AFCB1CA3920400A7D593 /* Debug */,
				9441AFCC1CA3920400A7D593 /* Release */,
			);
			defaultConfigurationIsVisible = 0;
			defaultConfigurationName = Release;
		};
		9441AFCD1CA3920400A7D593 /* Build configuration list for PBXNativeTarget "MKHCustomAPI" */ = {
			isa = XCConfigurationList;
			buildConfigurations = (
				9441AFCE1CA3920400A7D593 /* Debug */,
				9441AFCF1CA3920400A7D593 /* Release */,
			);
			defaultConfigurationIsVisible = 0;
			defaultConfigurationName = Release;
		};
		9441AFD01CA3920400A7D593 /* Build configuration list for PBXNativeTarget "MKHCustomAPITests" */ = {
			isa = XCConfigurationList;
			buildConfigurations = (
				9441AFD11CA3920400A7D593 /* Debug */,
				9441AFD21CA3920400A7D593 /* Release */,
			);
			defaultConfigurationIsVisible = 0;
			defaultConfigurationName = Release;
		};
/* End XCConfigurationList section */
	};
	rootObject = 9441AFB01CA3920400A7D593 /* Project object */;
}
