PODS:
  - MKHSyncSession (1.2.0)

DEPENDENCIES:
  - MKHSyncSession (from `https://github.com/maximkhatskevich/MKHSyncSession.git`)

EXTERNAL SOURCES:
  MKHSyncSession:
    :git: https://github.com/maximkhatskevich/MKHSyncSession.git

CHECKOUT OPTIONS:
  MKHSyncSession:
    :commit: c09a17f3a238f04283bcd42fcba41bde24fe5027
    :git: https://github.com/maximkhatskevich/MKHSyncSession.git

SPEC CHECKSUMS:
  MKHSyncSession: 52631ae816f27af4106340909fa762abe6bd7b65

PODFILE CHECKSUM: e8b97426915e0dec5896d6c75a18df1a4dae9079

COCOAPODS: 1.0.1
