// !$*UTF8*$!
{
	archiveVersion = 1;
	classes = {
	};
	objectVersion = 46;
	objects = {

/* Begin PBXBuildFile section */
		4CCFF30BD459C6A5417A492F /* ParameterEncoding.swift in Sources */ = {isa = PBXBuildFile; fileRef = 5B1311BF41F319FB13CA5415 /* ParameterEncoding.swift */; };
		686F112EA48AF7BC99019D44 /* Foundation.framework in Frameworks */ = {isa = PBXBuildFile; fileRef = 7D3BE9C485651AF5497FAFE0 /* Foundation.framework */; };
		9427ABE11E4FDFCC00071B75 /* Errors.swift in Sources */ = {isa = PBXBuildFile; fileRef = 9427ABE01E4FDFCC00071B75 /* Errors.swift */; };
		9427ABE31E4FE12600071B75 /* Types.swift in Sources */ = {isa = PBXBuildFile; fileRef = 9427ABE21E4FE12600071B75 /* Types.swift */; };
		9427ABE51E4FE15900071B75 /* Typealiases.swift in Sources */ = {isa = PBXBuildFile; fileRef = 9427ABE41E4FE15900071B75 /* Typealiases.swift */; };
		9427ABE71E4FE17C00071B75 /* APIClientCore.swift in Sources */ = {isa = PBXBuildFile; fileRef = 9427ABE61E4FE17C00071B75 /* APIClientCore.swift */; };
		9427ABE91E4FE1B300071B75 /* APIClient.swift in Sources */ = {isa = PBXBuildFile; fileRef = 9427ABE81E4FE1B300071B75 /* APIClient.swift */; };
		9427ABEB1E4FE30600071B75 /* APIClientCore.Internal.swift in Sources */ = {isa = PBXBuildFile; fileRef = 9427ABEA1E4FE30600071B75 /* APIClientCore.Internal.swift */; };
		9427ABED1E4FE36300071B75 /* APIClientCore.Public.swift in Sources */ = {isa = PBXBuildFile; fileRef = 9427ABEC1E4FE36300071B75 /* APIClientCore.Public.swift */; };
		AA79076DBA70D08D15DFA3BC /* Pods_MKHAPIClient.framework in Frameworks */ = {isa = PBXBuildFile; fileRef = A33257F5E9B8AA869C1B809A /* Pods_MKHAPIClient.framework */; };
		D7589058AC478530FA59F5C7 /* UIKit.framework in Frameworks */ = {isa = PBXBuildFile; fileRef = 081FCF233387FB8EE0D4167E /* UIKit.framework */; };
/* End PBXBuildFile section */

/* Begin PBXFileReference section */
		081FCF233387FB8EE0D4167E /* UIKit.framework */ = {isa = PBXFileReference; lastKnownFileType = wrapper.framework; name = UIKit.framework; path = Platforms/iPhoneOS.platform/Developer/SDKs/iPhoneOS10.0.sdk/System/Library/Frameworks/UIKit.framework; sourceTree = DEVELOPER_DIR; };
		5B1311BF41F319FB13CA5415 /* ParameterEncoding.swift */ = {isa = PBXFileReference; includeInIndex = 1; lastKnownFileType = sourcecode.swift; path = ParameterEncoding.swift; sourceTree = "<group>"; };
		7C7883498C5BB304092324BC /* MKHAPIClient. */ = {isa = PBXFileReference; includeInIndex = 0; lastKnownFileType = wrapper.framework; name = MKHAPIClient.; path = MKHAPIClient.framework; sourceTree = BUILT_PRODUCTS_DIR; };
		7D3BE9C485651AF5497FAFE0 /* Foundation.framework */ = {isa = PBXFileReference; lastKnownFileType = wrapper.framework; name = Foundation.framework; path = Platforms/iPhoneOS.platform/Developer/SDKs/iPhoneOS10.0.sdk/System/Library/Frameworks/Foundation.framework; sourceTree = DEVELOPER_DIR; };
		8A581C825161C1F360E9F812 /* Pods-MKHAPIClient.debug.xcconfig */ = {isa = PBXFileReference; includeInIndex = 1; lastKnownFileType = text.xcconfig; name = "Pods-MKHAPIClient.debug.xcconfig"; path = "Pods/Target Support Files/Pods-MKHAPIClient/Pods-MKHAPIClient.debug.xcconfig"; sourceTree = "<group>"; };
		8DD9EE3022BC9DCB9BD665B7 /* MKHAPIClient.h */ = {isa = PBXFileReference; includeInIndex = 1; lastKnownFileType = sourcecode.c.h; path = MKHAPIClient.h; sourceTree = "<group>"; };
		92F68BC4FFA352D723B8ABC9 /* Pods-MKHAPIClient.release.xcconfig */ = {isa = PBXFileReference; includeInIndex = 1; lastKnownFileType = text.xcconfig; name = "Pods-MKHAPIClient.release.xcconfig"; path = "Pods/Target Support Files/Pods-MKHAPIClient/Pods-MKHAPIClient.release.xcconfig"; sourceTree = "<group>"; };
		9427ABE01E4FDFCC00071B75 /* Errors.swift */ = {isa = PBXFileReference; fileEncoding = 4; lastKnownFileType = sourcecode.swift; path = Errors.swift; sourceTree = "<group>"; };
		9427ABE21E4FE12600071B75 /* Types.swift */ = {isa = PBXFileReference; fileEncoding = 4; lastKnownFileType = sourcecode.swift; path = Types.swift; sourceTree = "<group>"; };
		9427ABE41E4FE15900071B75 /* Typealiases.swift */ = {isa = PBXFileReference; fileEncoding = 4; lastKnownFileType = sourcecode.swift; path = Typealiases.swift; sourceTree = "<group>"; };
		9427ABE61E4FE17C00071B75 /* APIClientCore.swift */ = {isa = PBXFileReference; fileEncoding = 4; lastKnownFileType = sourcecode.swift; path = APIClientCore.swift; sourceTree = "<group>"; };
		9427ABE81E4FE1B300071B75 /* APIClient.swift */ = {isa = PBXFileReference; fileEncoding = 4; lastKnownFileType = sourcecode.swift; path = APIClient.swift; sourceTree = "<group>"; };
		9427ABEA1E4FE30600071B75 /* APIClientCore.Internal.swift */ = {isa = PBXFileReference; fileEncoding = 4; lastKnownFileType = sourcecode.swift; path = APIClientCore.Internal.swift; sourceTree = "<group>"; };
		9427ABEC1E4FE36300071B75 /* APIClientCore.Public.swift */ = {isa = PBXFileReference; fileEncoding = 4; lastKnownFileType = sourcecode.swift; path = APIClientCore.Public.swift; sourceTree = "<group>"; };
		A33257F5E9B8AA869C1B809A /* Pods_MKHAPIClient.framework */ = {isa = PBXFileReference; explicitFileType = wrapper.framework; includeInIndex = 0; path = Pods_MKHAPIClient.framework; sourceTree = BUILT_PRODUCTS_DIR; };
/* End PBXFileReference section */

/* Begin PBXFrameworksBuildPhase section */
		BE75BC3D19A62E0C2D69BF43 /* Frameworks */ = {
			isa = PBXFrameworksBuildPhase;
			buildActionMask = 2147483647;
			files = (
				686F112EA48AF7BC99019D44 /* Foundation.framework in Frameworks */,
				D7589058AC478530FA59F5C7 /* UIKit.framework in Frameworks */,
				AA79076DBA70D08D15DFA3BC /* Pods_MKHAPIClient.framework in Frameworks */,
			);
			runOnlyForDeploymentPostprocessing = 0;
		};
/* End PBXFrameworksBuildPhase section */

/* Begin PBXGroup section */
		25542DC12C781FD4466BEB61 /* Products */ = {
			isa = PBXGroup;
			children = (
				7C7883498C5BB304092324BC /* MKHAPIClient. */,
			);
			name = Products;
			sourceTree = "<group>";
		};
		5118E0B2755BF21CBA042E01 /* Pods */ = {
			isa = PBXGroup;
			children = (
				8A581C825161C1F360E9F812 /* Pods-MKHAPIClient.debug.xcconfig */,
				92F68BC4FFA352D723B8ABC9 /* Pods-MKHAPIClient.release.xcconfig */,
			);
			name = Pods;
			sourceTree = "<group>";
		};
		8407CA915C3AEE078A070242 /* Src */ = {
			isa = PBXGroup;
			children = (
				9427ABE61E4FE17C00071B75 /* APIClientCore.swift */,
				9427ABEA1E4FE30600071B75 /* APIClientCore.Internal.swift */,
				9427ABEC1E4FE36300071B75 /* APIClientCore.Public.swift */,
				9427ABE81E4FE1B300071B75 /* APIClient.swift */,
				9427ABE21E4FE12600071B75 /* Types.swift */,
				9427ABE41E4FE15900071B75 /* Typealiases.swift */,
				9427ABE01E4FDFCC00071B75 /* Errors.swift */,
				5B1311BF41F319FB13CA5415 /* ParameterEncoding.swift */,
			);
			path = Src;
			sourceTree = "<group>";
		};
		99D76F8E50C43B665BD6A334 /* Frameworks */ = {
			isa = PBXGroup;
			children = (
				C6612CB4AEB440638BC0576D /* iOS */,
				A33257F5E9B8AA869C1B809A /* Pods_MKHAPIClient.framework */,
			);
			name = Frameworks;
			sourceTree = "<group>";
		};
		B9BB8026A2CAF5BE31574D8E /* Src-Extra */ = {
			isa = PBXGroup;
			children = (
				8DD9EE3022BC9DCB9BD665B7 /* MKHAPIClient.h */,
			);
			path = "Src-Extra";
			sourceTree = "<group>";
		};
		C6612CB4AEB440638BC0576D /* iOS */ = {
			isa = PBXGroup;
			children = (
				7D3BE9C485651AF5497FAFE0 /* Foundation.framework */,
				081FCF233387FB8EE0D4167E /* UIKit.framework */,
			);
			name = iOS;
			sourceTree = "<group>";
		};
		FB4BD9952D5E381543B526A7 = {
			isa = PBXGroup;
			children = (
				25542DC12C781FD4466BEB61 /* Products */,
				8407CA915C3AEE078A070242 /* Src */,
				B9BB8026A2CAF5BE31574D8E /* Src-Extra */,
				99D76F8E50C43B665BD6A334 /* Frameworks */,
				5118E0B2755BF21CBA042E01 /* Pods */,
			);
			sourceTree = "<group>";
		};
/* End PBXGroup section */

/* Begin PBXNativeTarget section */
		237E46E8FC2605857062E804 /* MKHAPIClient */ = {
			isa = PBXNativeTarget;
			buildConfigurationList = B8E92A8D4A52267D4AC45DC1 /* Build configuration list for PBXNativeTarget "MKHAPIClient" */;
			buildPhases = (
				43AFD6AD29AFA88F69599F79 /* [CP] Check Pods Manifest.lock */,
				FE8CB9F70BE56C59A63B9518 /* Sources */,
				BE75BC3D19A62E0C2D69BF43 /* Frameworks */,
				8BC941EBB2C610EA4B514735 /* [CP] Copy Pods Resources */,
			);
			buildRules = (
			);
			dependencies = (
			);
			name = MKHAPIClient;
			productName = MKHAPIClient;
			productReference = 7C7883498C5BB304092324BC /* MKHAPIClient. */;
			productType = "com.apple.product-type.framework";
		};
/* End PBXNativeTarget section */

/* Begin PBXProject section */
		DA40AF4805EF1E9F4F63064F /* Project object */ = {
			isa = PBXProject;
			attributes = {
				CLASSPREFIX = APC;
				LastSwiftUpdateCheck = 0730;
				LastUpgradeCheck = 0700;
				ORGANIZATIONNAME = "Maxim Khatskevich";
				TargetAttributes = {
					237E46E8FC2605857062E804 = {
						DevelopmentTeam = UJA88X59XP;
					};
				};
			};
			buildConfigurationList = 8F7763380B4CFDACEC57D72B /* Build configuration list for PBXProject "MKHAPIClient" */;
			compatibilityVersion = "Xcode 3.2";
			developmentRegion = English;
			hasScannedForEncodings = 0;
			knownRegions = (
				en,
			);
			mainGroup = FB4BD9952D5E381543B526A7;
			productRefGroup = 25542DC12C781FD4466BEB61 /* Products */;
			projectDirPath = "";
			projectRoot = "";
			targets = (
				237E46E8FC2605857062E804 /* MKHAPIClient */,
			);
		};
/* End PBXProject section */

/* Begin PBXShellScriptBuildPhase section */
		43AFD6AD29AFA88F69599F79 /* [CP] Check Pods Manifest.lock */ = {
			isa = PBXShellScriptBuildPhase;
			buildActionMask = 2147483647;
			files = (
			);
			inputPaths = (
			);
			name = "[CP] Check Pods Manifest.lock";
			outputPaths = (
			);
			runOnlyForDeploymentPostprocessing = 0;
			shellPath = /bin/sh;
			shellScript = "diff \"${PODS_ROOT}/../Podfile.lock\" \"${PODS_ROOT}/Manifest.lock\" > /dev/null\nif [ $? != 0 ] ; then\n    # print error to STDERR\n    echo \"error: The sandbox is not in sync with the Podfile.lock. Run 'pod install' or update your CocoaPods installation.\" >&2\n    exit 1\nfi\n";
			showEnvVarsInLog = 0;
		};
		8BC941EBB2C610EA4B514735 /* [CP] Copy Pods Resources */ = {
			isa = PBXShellScriptBuildPhase;
			buildActionMask = 2147483647;
			files = (
			);
			inputPaths = (
			);
			name = "[CP] Copy Pods Resources";
			outputPaths = (
			);
			runOnlyForDeploymentPostprocessing = 0;
			shellPath = /bin/sh;
			shellScript = "\"${SRCROOT}/Pods/Target Support Files/Pods-MKHAPIClient/Pods-MKHAPIClient-resources.sh\"\n";
			showEnvVarsInLog = 0;
		};
/* End PBXShellScriptBuildPhase section */

/* Begin PBXSourcesBuildPhase section */
		FE8CB9F70BE56C59A63B9518 /* Sources */ = {
			isa = PBXSourcesBuildPhase;
			buildActionMask = 2147483647;
			files = (
				9427ABE91E4FE1B300071B75 /* APIClient.swift in Sources */,
				9427ABE11E4FDFCC00071B75 /* Errors.swift in Sources */,
				9427ABEB1E4FE30600071B75 /* APIClientCore.Internal.swift in Sources */,
				9427ABE51E4FE15900071B75 /* Typealiases.swift in Sources */,
				9427ABED1E4FE36300071B75 /* APIClientCore.Public.swift in Sources */,
				4CCFF30BD459C6A5417A492F /* ParameterEncoding.swift in Sources */,
				9427ABE71E4FE17C00071B75 /* APIClientCore.swift in Sources */,
				9427ABE31E4FE12600071B75 /* Types.swift in Sources */,
			);
			runOnlyForDeploymentPostprocessing = 0;
		};
/* End PBXSourcesBuildPhase section */

/* Begin XCBuildConfiguration section */
		70B5DFA76D3E131208087575 /* Debug */ = {
			isa = XCBuildConfiguration;
			buildSettings = {
				ALWAYS_SEARCH_USER_PATHS = NO;
				CLANG_ANALYZER_NONNULL = YES;
				CLANG_CXX_LANGUAGE_STANDARD = "gnu++0x";
				CLANG_CXX_LIBRARY = "libc++";
				CLANG_ENABLE_MODULES = YES;
				CLANG_ENABLE_OBJC_ARC = YES;
				CLANG_WARN_BOOL_CONVERSION = YES;
				CLANG_WARN_CONSTANT_CONVERSION = YES;
				CLANG_WARN_DIRECT_OBJC_ISA_USAGE = YES_ERROR;
				CLANG_WARN_EMPTY_BODY = YES;
				CLANG_WARN_ENUM_CONVERSION = YES;
				CLANG_WARN_INFINITE_RECURSION = YES;
				CLANG_WARN_INT_CONVERSION = YES;
				CLANG_WARN_OBJC_ROOT_CLASS = YES_ERROR;
				CLANG_WARN_SUSPICIOUS_MOVE = YES;
				CLANG_WARN_UNREACHABLE_CODE = YES;
				CLANG_WARN__DUPLICATE_METHOD_MATCH = YES;
				"CODE_SIGN_IDENTITY[sdk=iphoneos*]" = "";
				COPY_PHASE_STRIP = NO;
				CURRENT_PROJECT_VERSION = 12;
				DEBUG_INFORMATION_FORMAT = dwarf;
				ENABLE_STRICT_OBJC_MSGSEND = YES;
				ENABLE_TESTABILITY = YES;
				GCC_C_LANGUAGE_STANDARD = gnu99;
				GCC_DYNAMIC_NO_PIC = NO;
				GCC_NO_COMMON_BLOCKS = YES;
				GCC_OPTIMIZATION_LEVEL = 0;
				GCC_PREPROCESSOR_DEFINITIONS = (
					"DEBUG=1",
					"$(inherited)",
				);
				GCC_SYMBOLS_PRIVATE_EXTERN = NO;
				GCC_WARN_64_TO_32_BIT_CONVERSION = YES;
				GCC_WARN_ABOUT_RETURN_TYPE = YES_ERROR;
				GCC_WARN_UNDECLARED_SELECTOR = YES;
				GCC_WARN_UNINITIALIZED_AUTOS = YES_AGGRESSIVE;
				GCC_WARN_UNUSED_FUNCTION = YES;
				GCC_WARN_UNUSED_VARIABLE = YES;
				IPHONEOS_DEPLOYMENT_TARGET = 8.0;
				ONLY_ACTIVE_ARCH = YES;
				SDKROOT = iphoneos;
				SWIFT_OPTIMIZATION_LEVEL = "-Onone";
				TARGETED_DEVICE_FAMILY = "1,2";
				VERSIONING_SYSTEM = "apple-generic";
			};
			name = Debug;
		};
		8E2D309B15F9DDCA6DC3CB51 /* Release */ = {
			isa = XCBuildConfiguration;
			buildSettings = {
				ALWAYS_SEARCH_USER_PATHS = NO;
				CLANG_ANALYZER_NONNULL = YES;
				CLANG_CXX_LANGUAGE_STANDARD = "gnu++0x";
				CLANG_CXX_LIBRARY = "libc++";
				CLANG_ENABLE_MODULES = YES;
				CLANG_ENABLE_OBJC_ARC = YES;
				CLANG_WARN_BOOL_CONVERSION = YES;
				CLANG_WARN_CONSTANT_CONVERSION = YES;
				CLANG_WARN_DIRECT_OBJC_ISA_USAGE = YES_ERROR;
				CLANG_WARN_EMPTY_BODY = YES;
				CLANG_WARN_ENUM_CONVERSION = YES;
				CLANG_WARN_INFINITE_RECURSION = YES;
				CLANG_WARN_INT_CONVERSION = YES;
				CLANG_WARN_OBJC_ROOT_CLASS = YES_ERROR;
				CLANG_WARN_SUSPICIOUS_MOVE = YES;
				CLANG_WARN_UNREACHABLE_CODE = YES;
				CLANG_WARN__DUPLICATE_METHOD_MATCH = YES;
				"CODE_SIGN_IDENTITY[sdk=iphoneos*]" = "";
				COPY_PHASE_STRIP = YES;
				CURRENT_PROJECT_VERSION = 12;
				DEBUG_INFORMATION_FORMAT = "dwarf-with-dsym";
				ENABLE_NS_ASSERTIONS = NO;
				ENABLE_STRICT_OBJC_MSGSEND = YES;
				GCC_C_LANGUAGE_STANDARD = gnu99;
				GCC_NO_COMMON_BLOCKS = YES;
				GCC_WARN_64_TO_32_BIT_CONVERSION = YES;
				GCC_WARN_ABOUT_RETURN_TYPE = YES_ERROR;
				GCC_WARN_UNDECLARED_SELECTOR = YES;
				GCC_WARN_UNINITIALIZED_AUTOS = YES_AGGRESSIVE;
				GCC_WARN_UNUSED_FUNCTION = YES;
				GCC_WARN_UNUSED_VARIABLE = YES;
				IPHONEOS_DEPLOYMENT_TARGET = 8.0;
				SDKROOT = iphoneos;
				SWIFT_OPTIMIZATION_LEVEL = "-Owholemodule";
				TARGETED_DEVICE_FAMILY = "1,2";
				VALIDATE_PRODUCT = YES;
				VERSIONING_SYSTEM = "apple-generic";
			};
			name = Release;
		};
		D4B753BAB7E2FD444DF28570 /* Release */ = {
			isa = XCBuildConfiguration;
			baseConfigurationReference = 92F68BC4FFA352D723B8ABC9 /* Pods-MKHAPIClient.release.xcconfig */;
			buildSettings = {
				"CODE_SIGN_IDENTITY[sdk=iphoneos*]" = "";
				CURRENT_PROJECT_VERSION = 12;
				DEBUG_INFORMATION_FORMAT = "dwarf-with-dsym";
				DEFINES_MODULE = YES;
				DEVELOPMENT_TEAM = UJA88X59XP;
				DYLIB_COMPATIBILITY_VERSION = 1;
				DYLIB_CURRENT_VERSION = 12;
				DYLIB_INSTALL_NAME_BASE = "@rpath";
				ENABLE_STRICT_OBJC_MSGSEND = YES;
				GCC_NO_COMMON_BLOCKS = YES;
				INFOPLIST_FILE = Info/MKHAPIClient.plist;
				INSTALL_PATH = "$(LOCAL_LIBRARY_DIR)/Frameworks";
				IPHONEOS_DEPLOYMENT_TARGET = 8.0;
				LD_RUNPATH_SEARCH_PATHS = "$(inherited) @executable_path/Frameworks @loader_path/Frameworks";
				MTL_ENABLE_DEBUG_INFO = NO;
				PRODUCT_BUNDLE_IDENTIFIER = khatskevich.maxim.MKHAPIClient;
				PRODUCT_NAME = "$(TARGET_NAME)";
				SDKROOT = iphoneos;
				SKIP_INSTALL = YES;
				SWIFT_VERSION = 3.0;
				TARGETED_DEVICE_FAMILY = "1,2";
				VERSIONING_SYSTEM = "apple-generic";
				VERSION_INFO_PREFIX = "";
			};
			name = Release;
		};
		D90E3856D50C4B3F3D29FD84 /* Debug */ = {
			isa = XCBuildConfiguration;
			baseConfigurationReference = 8A581C825161C1F360E9F812 /* Pods-MKHAPIClient.debug.xcconfig */;
			buildSettings = {
				"CODE_SIGN_IDENTITY[sdk=iphoneos*]" = "";
				CURRENT_PROJECT_VERSION = 12;
				DEBUG_INFORMATION_FORMAT = dwarf;
				DEFINES_MODULE = YES;
				DEVELOPMENT_TEAM = UJA88X59XP;
				DYLIB_COMPATIBILITY_VERSION = 1;
				DYLIB_CURRENT_VERSION = 12;
				DYLIB_INSTALL_NAME_BASE = "@rpath";
				ENABLE_STRICT_OBJC_MSGSEND = YES;
				GCC_NO_COMMON_BLOCKS = YES;
				INFOPLIST_FILE = Info/MKHAPIClient.plist;
				INSTALL_PATH = "$(LOCAL_LIBRARY_DIR)/Frameworks";
				IPHONEOS_DEPLOYMENT_TARGET = 8.0;
				LD_RUNPATH_SEARCH_PATHS = "$(inherited) @executable_path/Frameworks @loader_path/Frameworks";
				MTL_ENABLE_DEBUG_INFO = YES;
				PRODUCT_BUNDLE_IDENTIFIER = khatskevich.maxim.MKHAPIClient;
				PRODUCT_NAME = "$(TARGET_NAME)";
				SDKROOT = iphoneos;
				SKIP_INSTALL = YES;
				SWIFT_OPTIMIZATION_LEVEL = "-Onone";
				SWIFT_VERSION = 3.0;
				TARGETED_DEVICE_FAMILY = "1,2";
				VERSIONING_SYSTEM = "apple-generic";
				VERSION_INFO_PREFIX = "";
			};
			name = Debug;
		};
/* End XCBuildConfiguration section */

/* Begin XCConfigurationList section */
		8F7763380B4CFDACEC57D72B /* Build configuration list for PBXProject "MKHAPIClient" */ = {
			isa = XCConfigurationList;
			buildConfigurations = (
				70B5DFA76D3E131208087575 /* Debug */,
				8E2D309B15F9DDCA6DC3CB51 /* Release */,
			);
			defaultConfigurationIsVisible = 0;
			defaultConfigurationName = Release;
		};
		B8E92A8D4A52267D4AC45DC1 /* Build configuration list for PBXNativeTarget "MKHAPIClient" */ = {
			isa = XCConfigurationList;
			buildConfigurations = (
				D90E3856D50C4B3F3D29FD84 /* Debug */,
				D4B753BAB7E2FD444DF28570 /* Release */,
			);
			defaultConfigurationIsVisible = 0;
			defaultConfigurationName = Release;
		};
/* End XCConfigurationList section */
	};
	rootObject = DA40AF4805EF1E9F4F63064F /* Project object */;
}
